
Microsoft Visual Studio Solution File, Format Version 12.00
# Visual Studio Version 16
VisualStudioVersion = 16.0.31112.23
MinimumVisualStudioVersion = 10.0.40219.1
Project("{FAE04EC0-301F-11D3-BF4B-00C04F79EFBC}") = "AcademyLoginRoles", "AcademyLoginRoles\AcademyLoginRoles.csproj", "{9E95A980-E6A4-457A-973A-F5EECE672FBB}"
EndProject
Project("{FAE04EC0-301F-11D3-BF4B-00C04F79EFBC}") = "AcademyEntities", "AcademyEntities\AcademyEntities.csproj", "{E9207044-6F21-455F-B64C-E228814BECA4}"
EndProject
Global
	GlobalSection(SolutionConfigurationPlatforms) = preSolution
		Debug|Any CPU = Debug|Any CPU
		Release|Any CPU = Release|Any CPU
	EndGlobalSection
	GlobalSection(ProjectConfigurationPlatforms) = postSolution
		{9E95A980-E6A4-457A-973A-F5EECE672FBB}.Debug|Any CPU.ActiveCfg = Debug|Any CPU
		{9E95A980-E6A4-457A-973A-F5EECE672FBB}.Debug|Any CPU.Build.0 = Debug|Any CPU
		{9E95A980-E6A4-457A-973A-F5EECE672FBB}.Release|Any CPU.ActiveCfg = Release|Any CPU
		{9E95A980-E6A4-457A-973A-F5EECE672FBB}.Release|Any CPU.Build.0 = Release|Any CPU
		{E9207044-6F21-455F-B64C-E228814BECA4}.Debug|Any CPU.ActiveCfg = Debug|Any CPU
		{E9207044-6F21-455F-B64C-E228814BECA4}.Debug|Any CPU.Build.0 = Debug|Any CPU
		{E9207044-6F21-455F-B64C-E228814BECA4}.Release|Any CPU.ActiveCfg = Release|Any CPU
		{E9207044-6F21-455F-B64C-E228814BECA4}.Release|Any CPU.Build.0 = Release|Any CPU
	EndGlobalSection
	GlobalSection(SolutionProperties) = preSolution
		HideSolutionNode = FALSE
	EndGlobalSection
	GlobalSection(ExtensibilityGlobals) = postSolution
		SolutionGuid = {E44C4F87-796D-4D99-9CA0-16F62D0E9463}
	EndGlobalSection
EndGlobal
