
Microsoft Visual Studio Solution File, Format Version 12.00
# Visual Studio Version 16
VisualStudioVersion = 16.0.31112.23
MinimumVisualStudioVersion = 10.0.40219.1
Project("{FAE04EC0-301F-11D3-BF4B-00C04F79EFBC}") = "yearsToDays", "yearsToDays\yearsToDays.csproj", "{C25DD692-0734-4BC5-A64B-B4D88FC7967A}"
EndProject
Project("{FAE04EC0-301F-11D3-BF4B-00C04F79EFBC}") = "minutesInSeconds", "minutesInSeconds\minutesInSeconds.csproj", "{1D7F07C9-82B3-4A11-9A47-2F9612E5D64F}"
EndProject
Project("{FAE04EC0-301F-11D3-BF4B-00C04F79EFBC}") = "WDLCalculator", "WDLCalculator\WDLCalculator.csproj", "{AAA383BC-C7FA-4619-A0D1-390EF3B6C607}"
EndProject
Global
	GlobalSection(SolutionConfigurationPlatforms) = preSolution
		Debug|Any CPU = Debug|Any CPU
		Release|Any CPU = Release|Any CPU
	EndGlobalSection
	GlobalSection(ProjectConfigurationPlatforms) = postSolution
		{C25DD692-0734-4BC5-A64B-B4D88FC7967A}.Debug|Any CPU.ActiveCfg = Debug|Any CPU
		{C25DD692-0734-4BC5-A64B-B4D88FC7967A}.Debug|Any CPU.Build.0 = Debug|Any CPU
		{C25DD692-0734-4BC5-A64B-B4D88FC7967A}.Release|Any CPU.ActiveCfg = Release|Any CPU
		{C25DD692-0734-4BC5-A64B-B4D88FC7967A}.Release|Any CPU.Build.0 = Release|Any CPU
		{1D7F07C9-82B3-4A11-9A47-2F9612E5D64F}.Debug|Any CPU.ActiveCfg = Debug|Any CPU
		{1D7F07C9-82B3-4A11-9A47-2F9612E5D64F}.Debug|Any CPU.Build.0 = Debug|Any CPU
		{1D7F07C9-82B3-4A11-9A47-2F9612E5D64F}.Release|Any CPU.ActiveCfg = Release|Any CPU
		{1D7F07C9-82B3-4A11-9A47-2F9612E5D64F}.Release|Any CPU.Build.0 = Release|Any CPU
		{AAA383BC-C7FA-4619-A0D1-390EF3B6C607}.Debug|Any CPU.ActiveCfg = Debug|Any CPU
		{AAA383BC-C7FA-4619-A0D1-390EF3B6C607}.Debug|Any CPU.Build.0 = Debug|Any CPU
		{AAA383BC-C7FA-4619-A0D1-390EF3B6C607}.Release|Any CPU.ActiveCfg = Release|Any CPU
		{AAA383BC-C7FA-4619-A0D1-390EF3B6C607}.Release|Any CPU.Build.0 = Release|Any CPU
	EndGlobalSection
	GlobalSection(SolutionProperties) = preSolution
		HideSolutionNode = FALSE
	EndGlobalSection
	GlobalSection(ExtensibilityGlobals) = postSolution
		SolutionGuid = {18DA2141-628E-4DDF-B803-4B8FF07C6611}
	EndGlobalSection
EndGlobal
