
Microsoft Visual Studio Solution File, Format Version 12.00
# Visual Studio Version 16
VisualStudioVersion = 16.0.31112.23
MinimumVisualStudioVersion = 10.0.40219.1
Project("{9A19103F-16F7-4668-BE54-9A1E7A4F7556}") = "program", "program\program.csproj", "{A12E3A98-D6F9-4666-9C08-6BD1DCEF7883}"
EndProject
Project("{FAE04EC0-301F-11D3-BF4B-00C04F79EFBC}") = "program2", "program2\program2.csproj", "{30A992D8-BD73-4499-9BA6-0E309CBBD491}"
EndProject
Global
	GlobalSection(SolutionConfigurationPlatforms) = preSolution
		Debug|Any CPU = Debug|Any CPU
		Release|Any CPU = Release|Any CPU
	EndGlobalSection
	GlobalSection(ProjectConfigurationPlatforms) = postSolution
		{A12E3A98-D6F9-4666-9C08-6BD1DCEF7883}.Debug|Any CPU.ActiveCfg = Debug|Any CPU
		{A12E3A98-D6F9-4666-9C08-6BD1DCEF7883}.Debug|Any CPU.Build.0 = Debug|Any CPU
		{A12E3A98-D6F9-4666-9C08-6BD1DCEF7883}.Release|Any CPU.ActiveCfg = Release|Any CPU
		{A12E3A98-D6F9-4666-9C08-6BD1DCEF7883}.Release|Any CPU.Build.0 = Release|Any CPU
		{30A992D8-BD73-4499-9BA6-0E309CBBD491}.Debug|Any CPU.ActiveCfg = Debug|Any CPU
		{30A992D8-BD73-4499-9BA6-0E309CBBD491}.Debug|Any CPU.Build.0 = Debug|Any CPU
		{30A992D8-BD73-4499-9BA6-0E309CBBD491}.Release|Any CPU.ActiveCfg = Release|Any CPU
		{30A992D8-BD73-4499-9BA6-0E309CBBD491}.Release|Any CPU.Build.0 = Release|Any CPU
	EndGlobalSection
	GlobalSection(SolutionProperties) = preSolution
		HideSolutionNode = FALSE
	EndGlobalSection
	GlobalSection(ExtensibilityGlobals) = postSolution
		SolutionGuid = {6B774321-41C0-4EAC-9676-03C23E293930}
	EndGlobalSection
EndGlobal
